<?xml version="1.0" encoding="utf-8"?>
<Project ToolsVersion="4.0" xmlns="http://schemas.microsoft.com/developer/msbuild/2003">
  <ItemGroup>
    <ClCompile Include="block.cpp" />
    <ClCompile Include="camera.cpp" />
    <ClCompile Include="edit.cpp" />
    <ClCompile Include="enemy.cpp" />
    <ClCompile Include="fade.cpp" />
    <ClCompile Include="game.cpp" />
    <ClCompile Include="guage.cpp" />
    <ClCompile Include="input.cpp" />
    <ClCompile Include="light.cpp" />
    <ClCompile Include="main.cpp" />
    <ClCompile Include="meshceiling.cpp" />
    <ClCompile Include="meshcylinder.cpp" />
    <ClCompile Include="meshfield.cpp" />
    <ClCompile Include="model.cpp" />
    <ClCompile Include="motion.cpp" />
    <ClCompile Include="pause.cpp" />
    <ClCompile Include="player.cpp" />
    <ClCompile Include="result.cpp" />
    <ClCompile Include="shooting_background.cpp" />
    <ClCompile Include="shooting_bullet.cpp" />
    <ClCompile Include="shooting_clear.cpp" />
    <ClCompile Include="shooting_effect.cpp" />
    <ClCompile Include="shooting_enemy.cpp" />
    <ClCompile Include="shooting_fade.cpp" />
    <ClCompile Include="shooting_game.cpp" />
    <ClCompile Include="shooting_particle.cpp" />
    <ClCompile Include="shooting_player.cpp" />
    <ClCompile Include="title.cpp" />
    <ClCompile Include="ui.cpp" />
    <ClCompile Include="action_background.cpp" />
    <ClCompile Include="action_block.cpp" />
    <ClCompile Include="action_clear.cpp" />
    <ClCompile Include="action_effect.cpp" />
    <ClCompile Include="action_fade.cpp" />
    <ClCompile Include="action_game.cpp" />
    <ClCompile Include="action_item.cpp" />
    <ClCompile Include="action_particle.cpp" />
    <ClCompile Include="action_player.cpp" />
    <ClCompile Include="shadow.cpp" />
    <ClCompile Include="tutorial.cpp" />
  </ItemGroup>
  <ItemGroup>
    <ClInclude Include="block.h" />
    <ClInclude Include="camera.h" />
    <ClInclude Include="edit.h" />
    <ClInclude Include="enemy.h" />
    <ClInclude Include="fade.h" />
    <ClInclude Include="game.h" />
    <ClInclude Include="guage.h" />
    <ClInclude Include="input.h" />
    <ClInclude Include="light.h" />
    <ClInclude Include="main.h" />
    <ClInclude Include="meshceiling.h" />
    <ClInclude Include="meshcylinder.h" />
    <ClInclude Include="meshfield.h" />
    <ClInclude Include="model.h" />
    <ClInclude Include="motion.h" />
    <ClInclude Include="pause.h" />
    <ClInclude Include="player.h" />
    <ClInclude Include="result.h" />
    <ClInclude Include="shooting_bullet.h" />
    <ClInclude Include="shooting_clear.h" />
    <ClInclude Include="shooting_effect.h" />
    <ClInclude Include="shooting_enemy.h" />
    <ClInclude Include="shooting_fade.h" />
    <ClInclude Include="shooting_game.h" />
    <ClInclude Include="shooting_particle.h" />
    <ClInclude Include="shooting_player.h" />
    <ClInclude Include="title.h" />
    <ClInclude Include="ui.h" />
    <ClInclude Include="action_background.h" />
    <ClInclude Include="action_block.h" />
    <ClInclude Include="action_clear.h" />
    <ClInclude Include="action_effect.h" />
    <ClInclude Include="action_fade.h" />
    <ClInclude Include="action_game.h" />
    <ClInclude Include="action_item.h" />
    <ClInclude Include="action_particle.h" />
    <ClInclude Include="action_player.h" />
    <ClInclude Include="shadow.h" />
    <ClInclude Include="tutorial.h" />
  </ItemGroup>
</Project>